
Microsoft Visual Studio Solution File, Format Version 12.00
# Visual Studio Version 17
VisualStudioVersion = 17.5.33530.505
MinimumVisualStudioVersion = 10.0.40219.1
Project("{FAE04EC0-301F-11D3-BF4B-00C04F79EFBC}") = "HrApi", "HrApi\HrApi.csproj", "{7717B874-415F-423F-AE8F-3A9981610CB3}"
EndProject
Global
	GlobalSection(SolutionConfigurationPlatforms) = preSolution
		Debug|Any CPU = Debug|Any CPU
		Release|Any CPU = Release|Any CPU
	EndGlobalSection
	GlobalSection(ProjectConfigurationPlatforms) = postSolution
		{7717B874-415F-423F-AE8F-3A9981610CB3}.Debug|Any CPU.ActiveCfg = Debug|Any CPU
		{7717B874-415F-423F-AE8F-3A9981610CB3}.Debug|Any CPU.Build.0 = Debug|Any CPU
		{7717B874-415F-423F-AE8F-3A9981610CB3}.Release|Any CPU.ActiveCfg = Release|Any CPU
		{7717B874-415F-423F-AE8F-3A9981610CB3}.Release|Any CPU.Build.0 = Release|Any CPU
	EndGlobalSection
	GlobalSection(SolutionProperties) = preSolution
		HideSolutionNode = FALSE
	EndGlobalSection
	GlobalSection(ExtensibilityGlobals) = postSolution
		SolutionGuid = {A13188D5-0FC6-46E3-831C-086232510146}
	EndGlobalSection
EndGlobal
