
Microsoft Visual Studio Solution File, Format Version 12.00
# Visual Studio Version 17
VisualStudioVersion = 17.5.33530.505
MinimumVisualStudioVersion = 10.0.40219.1
Project("{FAE04EC0-301F-11D3-BF4B-00C04F79EFBC}") = "HrApi", "HrApi\HrApi.csproj", "{DB3BD67B-37B5-4AED-B9AE-93DE08D69C07}"
EndProject
Global
	GlobalSection(SolutionConfigurationPlatforms) = preSolution
		Debug|Any CPU = Debug|Any CPU
		Release|Any CPU = Release|Any CPU
	EndGlobalSection
	GlobalSection(ProjectConfigurationPlatforms) = postSolution
		{DB3BD67B-37B5-4AED-B9AE-93DE08D69C07}.Debug|Any CPU.ActiveCfg = Debug|Any CPU
		{DB3BD67B-37B5-4AED-B9AE-93DE08D69C07}.Debug|Any CPU.Build.0 = Debug|Any CPU
		{DB3BD67B-37B5-4AED-B9AE-93DE08D69C07}.Release|Any CPU.ActiveCfg = Release|Any CPU
		{DB3BD67B-37B5-4AED-B9AE-93DE08D69C07}.Release|Any CPU.Build.0 = Release|Any CPU
	EndGlobalSection
	GlobalSection(SolutionProperties) = preSolution
		HideSolutionNode = FALSE
	EndGlobalSection
	GlobalSection(ExtensibilityGlobals) = postSolution
		SolutionGuid = {751A856A-4580-4405-AE4C-C47905ED02C6}
	EndGlobalSection
EndGlobal
